
Microsoft Visual Studio Solution File, Format Version 12.00
# Visual Studio Version 17
VisualStudioVersion = 17.11.35327.3
MinimumVisualStudioVersion = 10.0.40219.1
Project("{FAE04EC0-301F-11D3-BF4B-00C04F79EFBC}") = "sports-up-backend", "sports-up-backend.csproj", "{6F7F6376-F034-4F3C-9B6B-0A376C262213}"
EndProject
Global
	GlobalSection(SolutionConfigurationPlatforms) = preSolution
		Debug|Any CPU = Debug|Any CPU
		Release|Any CPU = Release|Any CPU
	EndGlobalSection
	GlobalSection(ProjectConfigurationPlatforms) = postSolution
		{6F7F6376-F034-4F3C-9B6B-0A376C262213}.Debug|Any CPU.ActiveCfg = Debug|Any CPU
		{6F7F6376-F034-4F3C-9B6B-0A376C262213}.Debug|Any CPU.Build.0 = Debug|Any CPU
		{6F7F6376-F034-4F3C-9B6B-0A376C262213}.Release|Any CPU.ActiveCfg = Release|Any CPU
		{6F7F6376-F034-4F3C-9B6B-0A376C262213}.Release|Any CPU.Build.0 = Release|Any CPU
	EndGlobalSection
	GlobalSection(SolutionProperties) = preSolution
		HideSolutionNode = FALSE
	EndGlobalSection
	GlobalSection(ExtensibilityGlobals) = postSolution
		SolutionGuid = {3B4C7473-AA0A-43FA-946E-104F4CB71540}
	EndGlobalSection
EndGlobal
